<?xml version="1.0" encoding="utf-8"?>
<Project ToolsVersion="4.0" xmlns="http://schemas.microsoft.com/developer/msbuild/2003">
  <ItemGroup>
    <Filter Include="Source Files">
      <UniqueIdentifier>{4FC737F1-C7A5-4376-A066-2A32D752A2FF}</UniqueIdentifier>
      <Extensions>cpp;c;cc;cxx;def;odl;idl;hpj;bat;asm;asmx</Extensions>
    </Filter>
    <Filter Include="Header Files">
      <UniqueIdentifier>{93995380-89BD-4b04-88EB-625FBE52EBFB}</UniqueIdentifier>
      <Extensions>h;hpp;hxx;hm;inl;inc;xsd</Extensions>
    </Filter>
    <Filter Include="Source Files\tos">
      <UniqueIdentifier>{4d579fa1-aeb1-44dc-a757-f94517ef0dcb}</UniqueIdentifier>
    </Filter>
    <Filter Include="Source Files\portable">
      <UniqueIdentifier>{85527a68-c64e-4bbe-924c-fff5a24a799b}</UniqueIdentifier>
    </Filter>
    <Filter Include="Source Files\memory">
      <UniqueIdentifier>{74556d86-4916-4d1d-9d9c-b1e5e7f8dd83}</UniqueIdentifier>
    </Filter>
    <Filter Include="Source Files\common">
      <UniqueIdentifier>{00868989-d786-4ae4-9fba-0bb538b4489e}</UniqueIdentifier>
    </Filter>
    <Filter Include="Source Files\tos\m68k">
      <UniqueIdentifier>{b72128af-d356-49ff-b1b3-ba81181d97a5}</UniqueIdentifier>
    </Filter>
    <Filter Include="Scripts">
      <UniqueIdentifier>{bfe30ece-810f-4753-b74f-2c5363c4bf63}</UniqueIdentifier>
    </Filter>
    <Filter Include="Docs">
      <UniqueIdentifier>{05bf905d-f39d-466f-95f6-d7337d9b64f1}</UniqueIdentifier>
    </Filter>
    <Filter Include="Demo">
      <UniqueIdentifier>{ecf262cb-d915-475f-877e-7de461295b1a}</UniqueIdentifier>
    </Filter>
    <Filter Include="Demo\ymTest">
      <UniqueIdentifier>{b6be5531-174a-4966-a155-d2dde2c2a26f}</UniqueIdentifier>
    </Filter>
    <Filter Include="Demo\timingTest">
      <UniqueIdentifier>{a56685b4-7db4-4b66-84f8-ca2a88472b95}</UniqueIdentifier>
    </Filter>
    <Filter Include="Demo\midiReplay">
      <UniqueIdentifier>{ef20318b-2eb8-487e-8ab3-9942564be2ab}</UniqueIdentifier>
    </Filter>
    <Filter Include="Demo\midiOutput">
      <UniqueIdentifier>{85660dd2-0f9b-4f30-9b50-f8069451f14f}</UniqueIdentifier>
    </Filter>
    <Filter Include="scons">
      <UniqueIdentifier>{4b370d23-a06e-409c-93a4-42f51f8efc70}</UniqueIdentifier>
    </Filter>
  </ItemGroup>
  <ItemGroup>
    <ClInclude Include="..\..\..\include\amidilib.h">
      <Filter>Header Files</Filter>
    </ClInclude>
    <ClInclude Include="..\..\..\include\amidiseq.h">
      <Filter>Header Files</Filter>
    </ClInclude>
    <ClInclude Include="..\..\..\include\amlog.h">
      <Filter>Header Files</Filter>
    </ClInclude>
    <ClInclude Include="..\..\..\include\c_vars.h">
      <Filter>Header Files</Filter>
    </ClInclude>
    <ClInclude Include="..\..\..\include\config.h">
      <Filter>Header Files</Filter>
    </ClInclude>
    <ClInclude Include="..\..\..\include\events.h">
      <Filter>Header Files</Filter>
    </ClInclude>
    <ClInclude Include="..\..\..\include\evtdefs.h">
      <Filter>Header Files</Filter>
    </ClInclude>
    <ClInclude Include="..\..\..\include\fmio.h">
      <Filter>Header Files</Filter>
    </ClInclude>
    <ClInclude Include="..\..\..\include\iff.h">
      <Filter>Header Files</Filter>
    </ClInclude>
    <ClInclude Include="..\..\..\include\midi.h">
      <Filter>Header Files</Filter>
    </ClInclude>
    <ClInclude Include="..\..\..\include\midi_cmd.h">
      <Filter>Header Files</Filter>
    </ClInclude>
    <ClInclude Include="..\..\..\include\midi_rep.h">
      <Filter>Header Files</Filter>
    </ClInclude>
    <ClInclude Include="..\..\..\include\midi_send.h">
      <Filter>Header Files</Filter>
    </ClInclude>
    <ClInclude Include="..\..\..\include\midiseq.h">
      <Filter>Header Files</Filter>
    </ClInclude>
    <ClInclude Include="..\..\..\include\mt32togm.h">
      <Filter>Header Files</Filter>
    </ClInclude>
    <ClInclude Include="..\..\..\include\roland.h">
      <Filter>Header Files</Filter>
    </ClInclude>
    <ClInclude Include="..\..\..\include\vendors.h">
      <Filter>Header Files</Filter>
    </ClInclude>
    <ClInclude Include="..\..\..\include\xmidi.h">
      <Filter>Header Files</Filter>
    </ClInclude>
    <ClInclude Include="..\..\..\demo\timings\sampleSequence.h">
      <Filter>Demo\timingTest</Filter>
    </ClInclude>
  </ItemGroup>
  <ItemGroup>
    <None Include="..\..\..\include\common_m68k.inc">
      <Filter>Header Files</Filter>
    </None>
    <None Include="..\..\..\src\tos\testReplay.s">
      <Filter>Source Files\tos\m68k</Filter>
    </None>
    <None Include="..\..\..\src\tos\midiReplay.s">
      <Filter>Source Files\tos\m68k</Filter>
    </None>
    <None Include="..\..\..\src\tos\ikbd.s">
      <Filter>Source Files\tos\m68k</Filter>
    </None>
    <None Include="..\..\..\src\tos\common.s">
      <Filter>Source Files\tos\m68k</Filter>
    </None>
    <None Include="..\..\..\src\tos\amidi.s">
      <Filter>Source Files\tos\m68k</Filter>
    </None>
    <None Include="..\..\..\src\do.sh">
      <Filter>Scripts</Filter>
    </None>
    <None Include="..\..\..\GENDOC.BAT">
      <Filter>Docs</Filter>
    </None>
    <None Include="..\..\..\Doxyfile.unix">
      <Filter>Docs</Filter>
    </None>
    <None Include="..\..\..\Doxyfile.win32">
      <Filter>Docs</Filter>
    </None>
    <None Include="..\..\..\gendoc.sh">
      <Filter>Docs</Filter>
    </None>
    <None Include="..\..\..\src\SConscript">
      <Filter>scons</Filter>
    </None>
    <None Include="..\..\..\src\SConstruct">
      <Filter>scons</Filter>
    </None>
  </ItemGroup>
  <ItemGroup>
    <ClCompile Include="..\..\..\src\tos\discio\fmio.c">
      <Filter>Source Files\tos</Filter>
    </ClCompile>
    <ClCompile Include="..\..\..\src\tos\memory\memory.c">
      <Filter>Source Files\tos</Filter>
    </ClCompile>
    <ClCompile Include="..\..\..\src\tos\midi\midi_rep.c">
      <Filter>Source Files\tos</Filter>
    </ClCompile>
    <ClCompile Include="..\..\..\src\tos\timing\mfp.c">
      <Filter>Source Files\tos</Filter>
    </ClCompile>
    <ClCompile Include="..\..\..\src\portable\discio\fmio.c">
      <Filter>Source Files\portable</Filter>
    </ClCompile>
    <ClCompile Include="..\..\..\src\portable\memory\memory.c">
      <Filter>Source Files\portable</Filter>
    </ClCompile>
    <ClCompile Include="..\..\..\src\portable\midi\midi_rep.c">
      <Filter>Source Files\portable</Filter>
    </ClCompile>
    <ClCompile Include="..\..\..\src\common\twisterm.c">
      <Filter>Source Files\common</Filter>
    </ClCompile>
    <ClCompile Include="..\..\..\src\common\ym2149.c">
      <Filter>Source Files\common</Filter>
    </ClCompile>
    <ClCompile Include="..\..\..\src\common\core\amidilib.c">
      <Filter>Source Files\common</Filter>
    </ClCompile>
    <ClCompile Include="..\..\..\src\common\core\amlog.c">
      <Filter>Source Files\common</Filter>
    </ClCompile>
    <ClCompile Include="..\..\..\src\common\core\c_vars.c">
      <Filter>Source Files\common</Filter>
    </ClCompile>
    <ClCompile Include="..\..\..\src\common\core\config.c">
      <Filter>Source Files\common</Filter>
    </ClCompile>
    <ClCompile Include="..\..\..\src\common\core\list.c">
      <Filter>Source Files\common</Filter>
    </ClCompile>
    <ClCompile Include="..\..\..\src\common\formats\iff.c">
      <Filter>Source Files\common</Filter>
    </ClCompile>
    <ClCompile Include="..\..\..\src\common\lzo\minilzo.c">
      <Filter>Source Files\common</Filter>
    </ClCompile>
    <ClCompile Include="..\..\..\src\common\memory\linalloc.c">
      <Filter>Source Files\common</Filter>
    </ClCompile>
    <ClCompile Include="..\..\..\src\common\memory\stack.c">
      <Filter>Source Files\common</Filter>
    </ClCompile>
    <ClCompile Include="..\..\..\src\common\midi\midiseq.c">
      <Filter>Source Files\common</Filter>
    </ClCompile>
    <ClCompile Include="..\..\..\src\common\roland\cm_32l.c">
      <Filter>Source Files\common</Filter>
    </ClCompile>
    <ClCompile Include="..\..\..\src\common\roland\cm_500.c">
      <Filter>Source Files\common</Filter>
    </ClCompile>
    <ClCompile Include="..\..\..\src\common\roland\mt32.c">
      <Filter>Source Files\common</Filter>
    </ClCompile>
    <ClCompile Include="..\..\..\src\common\roland\tbl_stat.c">
      <Filter>Source Files\common</Filter>
    </ClCompile>
    <ClCompile Include="..\..\..\src\common\timing\miditim.c">
      <Filter>Source Files\common</Filter>
    </ClCompile>
    <ClCompile Include="..\..\..\src\memory\linalloc.c">
      <Filter>Source Files\memory</Filter>
    </ClCompile>
    <ClCompile Include="..\..\..\src\memory\memory.c">
      <Filter>Source Files\memory</Filter>
    </ClCompile>
    <ClCompile Include="..\..\..\src\memory\stack.c">
      <Filter>Source Files\memory</Filter>
    </ClCompile>
    <ClCompile Include="..\..\..\demo\ymOutput\ymTest.c">
      <Filter>Demo\ymTest</Filter>
    </ClCompile>
    <ClCompile Include="..\..\..\demo\timings\timTest.c">
      <Filter>Demo\timingTest</Filter>
    </ClCompile>
    <ClCompile Include="..\..\..\demo\midi_rep\main.c">
      <Filter>Demo\midiReplay</Filter>
    </ClCompile>
    <ClCompile Include="..\..\..\demo\midi_output\midiTest.c">
      <Filter>Demo\midiOutput</Filter>
    </ClCompile>
  </ItemGroup>
  <ItemGroup>
    <Text Include="readme.txt" />
  </ItemGroup>
</Project>